
Microsoft Visual Studio Solution File, Format Version 12.00
# Visual Studio Version 16
VisualStudioVersion = 16.0.31410.357
MinimumVisualStudioVersion = 10.0.40219.1
Project("{FAE04EC0-301F-11D3-BF4B-00C04F79EFBC}") = "PTPatients", "PTPatients\PTPatients.csproj", "{A82328F6-B17E-4B3F-9A77-994D16F3EDBF}"
EndProject
Global
	GlobalSection(SolutionConfigurationPlatforms) = preSolution
		Debug|Any CPU = Debug|Any CPU
		Release|Any CPU = Release|Any CPU
	EndGlobalSection
	GlobalSection(ProjectConfigurationPlatforms) = postSolution
		{A82328F6-B17E-4B3F-9A77-994D16F3EDBF}.Debug|Any CPU.ActiveCfg = Debug|Any CPU
		{A82328F6-B17E-4B3F-9A77-994D16F3EDBF}.Debug|Any CPU.Build.0 = Debug|Any CPU
		{A82328F6-B17E-4B3F-9A77-994D16F3EDBF}.Release|Any CPU.ActiveCfg = Release|Any CPU
		{A82328F6-B17E-4B3F-9A77-994D16F3EDBF}.Release|Any CPU.Build.0 = Release|Any CPU
	EndGlobalSection
	GlobalSection(SolutionProperties) = preSolution
		HideSolutionNode = FALSE
	EndGlobalSection
	GlobalSection(ExtensibilityGlobals) = postSolution
		SolutionGuid = {8CE8770D-DD2E-4277-8987-911E2C002BA4}
	EndGlobalSection
EndGlobal
